
Microsoft Visual Studio Solution File, Format Version 12.00
# Visual Studio Version 17
VisualStudioVersion = 17.7.34031.279
MinimumVisualStudioVersion = 10.0.40219.1
Project("{FAE04EC0-301F-11D3-BF4B-00C04F79EFBC}") = "Crudoperation", "Crudoperation\Crudoperation.csproj", "{333984A5-B6E2-4C93-9834-1EA3CF31B011}"
EndProject
Global
	GlobalSection(SolutionConfigurationPlatforms) = preSolution
		Debug|Any CPU = Debug|Any CPU
		Release|Any CPU = Release|Any CPU
	EndGlobalSection
	GlobalSection(ProjectConfigurationPlatforms) = postSolution
		{333984A5-B6E2-4C93-9834-1EA3CF31B011}.Debug|Any CPU.ActiveCfg = Debug|Any CPU
		{333984A5-B6E2-4C93-9834-1EA3CF31B011}.Debug|Any CPU.Build.0 = Debug|Any CPU
		{333984A5-B6E2-4C93-9834-1EA3CF31B011}.Release|Any CPU.ActiveCfg = Release|Any CPU
		{333984A5-B6E2-4C93-9834-1EA3CF31B011}.Release|Any CPU.Build.0 = Release|Any CPU
	EndGlobalSection
	GlobalSection(SolutionProperties) = preSolution
		HideSolutionNode = FALSE
	EndGlobalSection
	GlobalSection(ExtensibilityGlobals) = postSolution
		SolutionGuid = {085ABA9C-612A-4E9F-ABB8-7EFAE3779E90}
	EndGlobalSection
EndGlobal
