
Microsoft Visual Studio Solution File, Format Version 12.00
# Visual Studio Version 17
VisualStudioVersion = 17.7.34031.279
MinimumVisualStudioVersion = 10.0.40219.1
Project("{FAE04EC0-301F-11D3-BF4B-00C04F79EFBC}") = "ExamQ", "ExamQ\ExamQ.csproj", "{708B6065-C0DF-4468-9EE2-2BAE4A6A44A6}"
EndProject
Global
	GlobalSection(SolutionConfigurationPlatforms) = preSolution
		Debug|Any CPU = Debug|Any CPU
		Release|Any CPU = Release|Any CPU
	EndGlobalSection
	GlobalSection(ProjectConfigurationPlatforms) = postSolution
		{708B6065-C0DF-4468-9EE2-2BAE4A6A44A6}.Debug|Any CPU.ActiveCfg = Debug|Any CPU
		{708B6065-C0DF-4468-9EE2-2BAE4A6A44A6}.Debug|Any CPU.Build.0 = Debug|Any CPU
		{708B6065-C0DF-4468-9EE2-2BAE4A6A44A6}.Release|Any CPU.ActiveCfg = Release|Any CPU
		{708B6065-C0DF-4468-9EE2-2BAE4A6A44A6}.Release|Any CPU.Build.0 = Release|Any CPU
	EndGlobalSection
	GlobalSection(SolutionProperties) = preSolution
		HideSolutionNode = FALSE
	EndGlobalSection
	GlobalSection(ExtensibilityGlobals) = postSolution
		SolutionGuid = {76C3FF95-7AC1-4349-B923-DB3EC7B4BCF4}
	EndGlobalSection
EndGlobal
